// !$*UTF8*$!
{
	archiveVersion = 1;
	classes = {
	};
	objectVersion = 55;
	objects = {

/* Begin PBXBuildFile section */
		60BD3B5327D37D1400313BF5 /* AppDelegate.swift in Sources */ = {isa = PBXBuildFile; fileRef = 60BD3B5227D37D1400313BF5 /* AppDelegate.swift */; };
		60BD3B5527D37D1400313BF5 /* SceneDelegate.swift in Sources */ = {isa = PBXBuildFile; fileRef = 60BD3B5427D37D1400313BF5 /* SceneDelegate.swift */; };
		60BD3B5A27D37D1400313BF5 /* Main.storyboard in Resources */ = {isa = PBXBuildFile; fileRef = 60BD3B5827D37D1400313BF5 /* Main.storyboard */; };
		60BD3B5C27D37D1600313BF5 /* Assets.xcassets in Resources */ = {isa = PBXBuildFile; fileRef = 60BD3B5B27D37D1600313BF5 /* Assets.xcassets */; };
		60BD3B5F27D37D1600313BF5 /* LaunchScreen.storyboard in Resources */ = {isa = PBXBuildFile; fileRef = 60BD3B5D27D37D1600313BF5 /* LaunchScreen.storyboard */; };
		60BD3B6827D37DF300313BF5 /* PinScreenViewModel.swift in Sources */ = {isa = PBXBuildFile; fileRef = 60BD3B6727D37DF300313BF5 /* PinScreenViewModel.swift */; };
		60BD3B6A27D37E1400313BF5 /* PinScreenView.swift in Sources */ = {isa = PBXBuildFile; fileRef = 60BD3B6927D37E1400313BF5 /* PinScreenView.swift */; };
		60BD3B6F27D37E5F00313BF5 /* ViewModel.swift in Sources */ = {isa = PBXBuildFile; fileRef = 60BD3B6E27D37E5F00313BF5 /* ViewModel.swift */; };
		60BD3B7127D37E9000313BF5 /* CancelableStore.swift in Sources */ = {isa = PBXBuildFile; fileRef = 60BD3B7027D37E9000313BF5 /* CancelableStore.swift */; };
		60BD3B7627D37F4000313BF5 /* CoreScreenViewModel.swift in Sources */ = {isa = PBXBuildFile; fileRef = 60BD3B7527D37F4000313BF5 /* CoreScreenViewModel.swift */; };
		60BD3B7827D37F5100313BF5 /* CoreScreenView.swift in Sources */ = {isa = PBXBuildFile; fileRef = 60BD3B7727D37F5100313BF5 /* CoreScreenView.swift */; };
		60BD3B7B27D37F8D00313BF5 /* Transaction.swift in Sources */ = {isa = PBXBuildFile; fileRef = 60BD3B7A27D37F8D00313BF5 /* Transaction.swift */; };
		60BD3B7D27D380C300313BF5 /* ViewModelBase.swift in Sources */ = {isa = PBXBuildFile; fileRef = 60BD3B7C27D380C300313BF5 /* ViewModelBase.swift */; };
		60BD3B7F27D381BC00313BF5 /* LocalePreview.swift in Sources */ = {isa = PBXBuildFile; fileRef = 60BD3B7E27D381BC00313BF5 /* LocalePreview.swift */; };
		60BD3B8127D381F900313BF5 /* Locale+Ex.swift in Sources */ = {isa = PBXBuildFile; fileRef = 60BD3B8027D381F900313BF5 /* Locale+Ex.swift */; };
		60BD3B8627D3830500313BF5 /* View+Ex.swift in Sources */ = {isa = PBXBuildFile; fileRef = 60BD3B8527D3830500313BF5 /* View+Ex.swift */; };
		60BD3B8827D383E500313BF5 /* TextStyle.swift in Sources */ = {isa = PBXBuildFile; fileRef = 60BD3B8727D383E500313BF5 /* TextStyle.swift */; };
		60BD3B8A27D3844600313BF5 /* Placeholder.swift in Sources */ = {isa = PBXBuildFile; fileRef = 60BD3B8927D3844600313BF5 /* Placeholder.swift */; };
		60BD3B8C27D384DF00313BF5 /* API.swift in Sources */ = {isa = PBXBuildFile; fileRef = 60BD3B8B27D384DF00313BF5 /* API.swift */; };
		60BD3B8E27D384F900313BF5 /* Model.swift in Sources */ = {isa = PBXBuildFile; fileRef = 60BD3B8D27D384F900313BF5 /* Model.swift */; };
		60BD3B9227D386D800313BF5 /* TransactionsScreenViewModel.swift in Sources */ = {isa = PBXBuildFile; fileRef = 60BD3B9127D386D800313BF5 /* TransactionsScreenViewModel.swift */; };
		60BD3B9427D386E100313BF5 /* TransactionsScreenView.swift in Sources */ = {isa = PBXBuildFile; fileRef = 60BD3B9327D386E100313BF5 /* TransactionsScreenView.swift */; };
		60BD3B9727D387A800313BF5 /* UserDefault.swift in Sources */ = {isa = PBXBuildFile; fileRef = 60BD3B9627D387A800313BF5 /* UserDefault.swift */; };
		60BD3B9927D3892A00313BF5 /* AuthService.swift in Sources */ = {isa = PBXBuildFile; fileRef = 60BD3B9827D3892A00313BF5 /* AuthService.swift */; };
		60BD3B9B27D38AC500313BF5 /* Publishers+Ex.swift in Sources */ = {isa = PBXBuildFile; fileRef = 60BD3B9A27D38AC500313BF5 /* Publishers+Ex.swift */; };
		60BD3B9D27D38ADD00313BF5 /* Constants.swift in Sources */ = {isa = PBXBuildFile; fileRef = 60BD3B9C27D38ADD00313BF5 /* Constants.swift */; };
		60BD3BA027D38C4B00313BF5 /* Logger.swift in Sources */ = {isa = PBXBuildFile; fileRef = 60BD3B9F27D38C4B00313BF5 /* Logger.swift */; };
		60BD3BA227D38D8B00313BF5 /* String+Ex.swift in Sources */ = {isa = PBXBuildFile; fileRef = 60BD3BA127D38D8B00313BF5 /* String+Ex.swift */; };
		60BD3BA727D3916E00313BF5 /* PaymentService.swift in Sources */ = {isa = PBXBuildFile; fileRef = 60BD3BA627D3916E00313BF5 /* PaymentService.swift */; };
		60BD3BA927D3934800313BF5 /* Shimmer.swift in Sources */ = {isa = PBXBuildFile; fileRef = 60BD3BA827D3934800313BF5 /* Shimmer.swift */; };
		60BD3BAB27D393B500313BF5 /* Color+Ex.swift in Sources */ = {isa = PBXBuildFile; fileRef = 60BD3BAA27D393B500313BF5 /* Color+Ex.swift */; };
		60BD3BAD27D3967100313BF5 /* GridStack.swift in Sources */ = {isa = PBXBuildFile; fileRef = 60BD3BAC27D3967100313BF5 /* GridStack.swift */; };
		60BD3BB127D397FE00313BF5 /* Localizable.strings in Resources */ = {isa = PBXBuildFile; fileRef = 60BD3BB327D397FE00313BF5 /* Localizable.strings */; };
		60BD3BB627D39E3800313BF5 /* Unwrap.swift in Sources */ = {isa = PBXBuildFile; fileRef = 60BD3BB527D39E3800313BF5 /* Unwrap.swift */; };
		60BD3BB827D39ED700313BF5 /* PlaceholderProvider.swift in Sources */ = {isa = PBXBuildFile; fileRef = 60BD3BB727D39ED700313BF5 /* PlaceholderProvider.swift */; };
		60BD3BBC27D4A97400313BF5 /* SceneRouter.swift in Sources */ = {isa = PBXBuildFile; fileRef = 60BD3BBB27D4A97400313BF5 /* SceneRouter.swift */; };
		60BD3BBE27D4AF2800313BF5 /* APIModels.swift in Sources */ = {isa = PBXBuildFile; fileRef = 60BD3BBD27D4AF2800313BF5 /* APIModels.swift */; };
/* End PBXBuildFile section */

/* Begin PBXFileReference section */
		60BD3B4F27D37D1400313BF5 /* seb.app */ = {isa = PBXFileReference; explicitFileType = wrapper.application; includeInIndex = 0; path = seb.app; sourceTree = BUILT_PRODUCTS_DIR; };
		60BD3B5227D37D1400313BF5 /* AppDelegate.swift */ = {isa = PBXFileReference; lastKnownFileType = sourcecode.swift; path = AppDelegate.swift; sourceTree = "<group>"; };
		60BD3B5427D37D1400313BF5 /* SceneDelegate.swift */ = {isa = PBXFileReference; lastKnownFileType = sourcecode.swift; path = SceneDelegate.swift; sourceTree = "<group>"; };
		60BD3B5927D37D1400313BF5 /* Base */ = {isa = PBXFileReference; lastKnownFileType = file.storyboard; name = Base; path = Base.lproj/Main.storyboard; sourceTree = "<group>"; };
		60BD3B5B27D37D1600313BF5 /* Assets.xcassets */ = {isa = PBXFileReference; lastKnownFileType = folder.assetcatalog; path = Assets.xcassets; sourceTree = "<group>"; };
		60BD3B5E27D37D1600313BF5 /* Base */ = {isa = PBXFileReference; lastKnownFileType = file.storyboard; name = Base; path = Base.lproj/LaunchScreen.storyboard; sourceTree = "<group>"; };
		60BD3B6027D37D1600313BF5 /* Info.plist */ = {isa = PBXFileReference; lastKnownFileType = text.plist.xml; path = Info.plist; sourceTree = "<group>"; };
		60BD3B6727D37DF300313BF5 /* PinScreenViewModel.swift */ = {isa = PBXFileReference; lastKnownFileType = sourcecode.swift; path = PinScreenViewModel.swift; sourceTree = "<group>"; };
		60BD3B6927D37E1400313BF5 /* PinScreenView.swift */ = {isa = PBXFileReference; lastKnownFileType = sourcecode.swift; path = PinScreenView.swift; sourceTree = "<group>"; };
		60BD3B6E27D37E5F00313BF5 /* ViewModel.swift */ = {isa = PBXFileReference; lastKnownFileType = sourcecode.swift; path = ViewModel.swift; sourceTree = "<group>"; };
		60BD3B7027D37E9000313BF5 /* CancelableStore.swift */ = {isa = PBXFileReference; lastKnownFileType = sourcecode.swift; path = CancelableStore.swift; sourceTree = "<group>"; };
		60BD3B7527D37F4000313BF5 /* CoreScreenViewModel.swift */ = {isa = PBXFileReference; lastKnownFileType = sourcecode.swift; path = CoreScreenViewModel.swift; sourceTree = "<group>"; };
		60BD3B7727D37F5100313BF5 /* CoreScreenView.swift */ = {isa = PBXFileReference; lastKnownFileType = sourcecode.swift; path = CoreScreenView.swift; sourceTree = "<group>"; };
		60BD3B7A27D37F8D00313BF5 /* Transaction.swift */ = {isa = PBXFileReference; lastKnownFileType = sourcecode.swift; path = Transaction.swift; sourceTree = "<group>"; };
		60BD3B7C27D380C300313BF5 /* ViewModelBase.swift */ = {isa = PBXFileReference; lastKnownFileType = sourcecode.swift; path = ViewModelBase.swift; sourceTree = "<group>"; };
		60BD3B7E27D381BC00313BF5 /* LocalePreview.swift */ = {isa = PBXFileReference; lastKnownFileType = sourcecode.swift; path = LocalePreview.swift; sourceTree = "<group>"; };
		60BD3B8027D381F900313BF5 /* Locale+Ex.swift */ = {isa = PBXFileReference; lastKnownFileType = sourcecode.swift; path = "Locale+Ex.swift"; sourceTree = "<group>"; };
		60BD3B8527D3830500313BF5 /* View+Ex.swift */ = {isa = PBXFileReference; lastKnownFileType = sourcecode.swift; path = "View+Ex.swift"; sourceTree = "<group>"; };
		60BD3B8727D383E500313BF5 /* TextStyle.swift */ = {isa = PBXFileReference; lastKnownFileType = sourcecode.swift; path = TextStyle.swift; sourceTree = "<group>"; };
		60BD3B8927D3844600313BF5 /* Placeholder.swift */ = {isa = PBXFileReference; lastKnownFileType = sourcecode.swift; path = Placeholder.swift; sourceTree = "<group>"; };
		60BD3B8B27D384DF00313BF5 /* API.swift */ = {isa = PBXFileReference; lastKnownFileType = sourcecode.swift; path = API.swift; sourceTree = "<group>"; };
		60BD3B8D27D384F900313BF5 /* Model.swift */ = {isa = PBXFileReference; lastKnownFileType = sourcecode.swift; path = Model.swift; sourceTree = "<group>"; };
		60BD3B9127D386D800313BF5 /* TransactionsScreenViewModel.swift */ = {isa = PBXFileReference; lastKnownFileType = sourcecode.swift; path = TransactionsScreenViewModel.swift; sourceTree = "<group>"; };
		60BD3B9327D386E100313BF5 /* TransactionsScreenView.swift */ = {isa = PBXFileReference; lastKnownFileType = sourcecode.swift; path = TransactionsScreenView.swift; sourceTree = "<group>"; };
		60BD3B9627D387A800313BF5 /* UserDefault.swift */ = {isa = PBXFileReference; lastKnownFileType = sourcecode.swift; path = UserDefault.swift; sourceTree = "<group>"; };
		60BD3B9827D3892A00313BF5 /* AuthService.swift */ = {isa = PBXFileReference; lastKnownFileType = sourcecode.swift; path = AuthService.swift; sourceTree = "<group>"; };
		60BD3B9A27D38AC500313BF5 /* Publishers+Ex.swift */ = {isa = PBXFileReference; lastKnownFileType = sourcecode.swift; path = "Publishers+Ex.swift"; sourceTree = "<group>"; };
		60BD3B9C27D38ADD00313BF5 /* Constants.swift */ = {isa = PBXFileReference; lastKnownFileType = sourcecode.swift; path = Constants.swift; sourceTree = "<group>"; };
		60BD3B9F27D38C4B00313BF5 /* Logger.swift */ = {isa = PBXFileReference; lastKnownFileType = sourcecode.swift; path = Logger.swift; sourceTree = "<group>"; };
		60BD3BA127D38D8B00313BF5 /* String+Ex.swift */ = {isa = PBXFileReference; lastKnownFileType = sourcecode.swift; path = "String+Ex.swift"; sourceTree = "<group>"; };
		60BD3BA627D3916E00313BF5 /* PaymentService.swift */ = {isa = PBXFileReference; lastKnownFileType = sourcecode.swift; path = PaymentService.swift; sourceTree = "<group>"; };
		60BD3BA827D3934800313BF5 /* Shimmer.swift */ = {isa = PBXFileReference; lastKnownFileType = sourcecode.swift; path = Shimmer.swift; sourceTree = "<group>"; };
		60BD3BAA27D393B500313BF5 /* Color+Ex.swift */ = {isa = PBXFileReference; lastKnownFileType = sourcecode.swift; path = "Color+Ex.swift"; sourceTree = "<group>"; };
		60BD3BAC27D3967100313BF5 /* GridStack.swift */ = {isa = PBXFileReference; lastKnownFileType = sourcecode.swift; path = GridStack.swift; sourceTree = "<group>"; };
		60BD3BB227D397FE00313BF5 /* en */ = {isa = PBXFileReference; lastKnownFileType = text.plist.strings; name = en; path = en.lproj/Localizable.strings; sourceTree = "<group>"; };
		60BD3BB427D3982D00313BF5 /* ru */ = {isa = PBXFileReference; lastKnownFileType = text.plist.strings; name = ru; path = ru.lproj/Localizable.strings; sourceTree = "<group>"; };
		60BD3BB527D39E3800313BF5 /* Unwrap.swift */ = {isa = PBXFileReference; lastKnownFileType = sourcecode.swift; path = Unwrap.swift; sourceTree = "<group>"; };
		60BD3BB727D39ED700313BF5 /* PlaceholderProvider.swift */ = {isa = PBXFileReference; lastKnownFileType = sourcecode.swift; path = PlaceholderProvider.swift; sourceTree = "<group>"; };
		60BD3BBB27D4A97400313BF5 /* SceneRouter.swift */ = {isa = PBXFileReference; lastKnownFileType = sourcecode.swift; path = SceneRouter.swift; sourceTree = "<group>"; };
		60BD3BBD27D4AF2800313BF5 /* APIModels.swift */ = {isa = PBXFileReference; lastKnownFileType = sourcecode.swift; path = APIModels.swift; sourceTree = "<group>"; };
/* End PBXFileReference section */

/* Begin PBXFrameworksBuildPhase section */
		60BD3B4C27D37D1400313BF5 /* Frameworks */ = {
			isa = PBXFrameworksBuildPhase;
			buildActionMask = 2147483647;
			files = (
			);
			runOnlyForDeploymentPostprocessing = 0;
		};
/* End PBXFrameworksBuildPhase section */

/* Begin PBXGroup section */
		60BD3B4627D37D1400313BF5 = {
			isa = PBXGroup;
			children = (
				60BD3B5127D37D1400313BF5 /* seb */,
				60BD3B5027D37D1400313BF5 /* Products */,
			);
			sourceTree = "<group>";
		};
		60BD3B5027D37D1400313BF5 /* Products */ = {
			isa = PBXGroup;
			children = (
				60BD3B4F27D37D1400313BF5 /* seb.app */,
			);
			name = Products;
			sourceTree = "<group>";
		};
		60BD3B5127D37D1400313BF5 /* seb */ = {
			isa = PBXGroup;
			children = (
				60BD3B6C27D37E2D00313BF5 /* View */,
				60BD3B7427D37EF900313BF5 /* Model */,
				60BD3B7327D37EE700313BF5 /* Data */,
				60BD3B9E27D38AE600313BF5 /* Resources */,
				60BD3B7227D37ED400313BF5 /* Helpers */,
				60BD3B6627D37DA200313BF5 /* Application */,
				60BD3B5827D37D1400313BF5 /* Main.storyboard */,
				60BD3B5B27D37D1600313BF5 /* Assets.xcassets */,
				60BD3B5D27D37D1600313BF5 /* LaunchScreen.storyboard */,
				60BD3B6027D37D1600313BF5 /* Info.plist */,
			);
			path = seb;
			sourceTree = "<group>";
		};
		60BD3B6627D37DA200313BF5 /* Application */ = {
			isa = PBXGroup;
			children = (
				60BD3B5227D37D1400313BF5 /* AppDelegate.swift */,
				60BD3B5427D37D1400313BF5 /* SceneDelegate.swift */,
				60BD3BBB27D4A97400313BF5 /* SceneRouter.swift */,
			);
			path = Application;
			sourceTree = "<group>";
		};
		60BD3B6B27D37E1B00313BF5 /* PinScreen */ = {
			isa = PBXGroup;
			children = (
				60BD3B6927D37E1400313BF5 /* PinScreenView.swift */,
				60BD3B6727D37DF300313BF5 /* PinScreenViewModel.swift */,
			);
			path = PinScreen;
			sourceTree = "<group>";
		};
		60BD3B6C27D37E2D00313BF5 /* View */ = {
			isa = PBXGroup;
			children = (
				60BD3BAE27D3967F00313BF5 /* Components */,
				60BD3B7927D37F5E00313BF5 /* CoreScreenView */,
				60BD3B6B27D37E1B00313BF5 /* PinScreen */,
				60BD3B9527D386ED00313BF5 /* TransactionsScreenView */,
			);
			path = View;
			sourceTree = "<group>";
		};
		60BD3B6D27D37E4100313BF5 /* MVVM */ = {
			isa = PBXGroup;
			children = (
				60BD3B6E27D37E5F00313BF5 /* ViewModel.swift */,
				60BD3B7027D37E9000313BF5 /* CancelableStore.swift */,
				60BD3B7C27D380C300313BF5 /* ViewModelBase.swift */,
			);
			path = MVVM;
			sourceTree = "<group>";
		};
		60BD3B7227D37ED400313BF5 /* Helpers */ = {
			isa = PBXGroup;
			children = (
				60BD3B6D27D37E4100313BF5 /* MVVM */,
				60BD3B8227D3820500313BF5 /* Extensions */,
				60BD3B7E27D381BC00313BF5 /* LocalePreview.swift */,
				60BD3B8727D383E500313BF5 /* TextStyle.swift */,
				60BD3B8927D3844600313BF5 /* Placeholder.swift */,
				60BD3B9627D387A800313BF5 /* UserDefault.swift */,
				60BD3B9F27D38C4B00313BF5 /* Logger.swift */,
				60BD3BB527D39E3800313BF5 /* Unwrap.swift */,
				60BD3BB727D39ED700313BF5 /* PlaceholderProvider.swift */,
			);
			path = Helpers;
			sourceTree = "<group>";
		};
		60BD3B7327D37EE700313BF5 /* Data */ = {
			isa = PBXGroup;
			children = (
				60BD3B8F27D3850400313BF5 /* API */,
			);
			path = Data;
			sourceTree = "<group>";
		};
		60BD3B7427D37EF900313BF5 /* Model */ = {
			isa = PBXGroup;
			children = (
				60BD3B8D27D384F900313BF5 /* Model.swift */,
				60BD3BA527D3915500313BF5 /* Services */,
				60BD3B9027D3858800313BF5 /* Models */,
			);
			path = Model;
			sourceTree = "<group>";
		};
		60BD3B7927D37F5E00313BF5 /* CoreScreenView */ = {
			isa = PBXGroup;
			children = (
				60BD3B7727D37F5100313BF5 /* CoreScreenView.swift */,
				60BD3B7527D37F4000313BF5 /* CoreScreenViewModel.swift */,
			);
			path = CoreScreenView;
			sourceTree = "<group>";
		};
		60BD3B8227D3820500313BF5 /* Extensions */ = {
			isa = PBXGroup;
			children = (
				60BD3B8027D381F900313BF5 /* Locale+Ex.swift */,
				60BD3B9A27D38AC500313BF5 /* Publishers+Ex.swift */,
				60BD3B8527D3830500313BF5 /* View+Ex.swift */,
				60BD3BA127D38D8B00313BF5 /* String+Ex.swift */,
				60BD3BAA27D393B500313BF5 /* Color+Ex.swift */,
			);
			path = Extensions;
			sourceTree = "<group>";
		};
		60BD3B8F27D3850400313BF5 /* API */ = {
			isa = PBXGroup;
			children = (
				60BD3B8B27D384DF00313BF5 /* API.swift */,
				60BD3BBD27D4AF2800313BF5 /* APIModels.swift */,
			);
			path = API;
			sourceTree = "<group>";
		};
		60BD3B9027D3858800313BF5 /* Models */ = {
			isa = PBXGroup;
			children = (
				60BD3B7A27D37F8D00313BF5 /* Transaction.swift */,
			);
			path = Models;
			sourceTree = "<group>";
		};
		60BD3B9527D386ED00313BF5 /* TransactionsScreenView */ = {
			isa = PBXGroup;
			children = (
				60BD3B9327D386E100313BF5 /* TransactionsScreenView.swift */,
				60BD3B9127D386D800313BF5 /* TransactionsScreenViewModel.swift */,
			);
			path = TransactionsScreenView;
			sourceTree = "<group>";
		};
		60BD3B9E27D38AE600313BF5 /* Resources */ = {
			isa = PBXGroup;
			children = (
				60BD3B9C27D38ADD00313BF5 /* Constants.swift */,
				60BD3BB327D397FE00313BF5 /* Localizable.strings */,
			);
			path = Resources;
			sourceTree = "<group>";
		};
		60BD3BA527D3915500313BF5 /* Services */ = {
			isa = PBXGroup;
			children = (
				60BD3B9827D3892A00313BF5 /* AuthService.swift */,
				60BD3BA627D3916E00313BF5 /* PaymentService.swift */,
			);
			path = Services;
			sourceTree = "<group>";
		};
		60BD3BAE27D3967F00313BF5 /* Components */ = {
			isa = PBXGroup;
			children = (
				60BD3BA827D3934800313BF5 /* Shimmer.swift */,
				60BD3BAC27D3967100313BF5 /* GridStack.swift */,
			);
			path = Components;
			sourceTree = "<group>";
		};
/* End PBXGroup section */

/* Begin PBXNativeTarget section */
		60BD3B4E27D37D1400313BF5 /* seb */ = {
			isa = PBXNativeTarget;
			buildConfigurationList = 60BD3B6327D37D1600313BF5 /* Build configuration list for PBXNativeTarget "seb" */;
			buildPhases = (
				60BD3B4B27D37D1400313BF5 /* Sources */,
				60BD3B4C27D37D1400313BF5 /* Frameworks */,
				60BD3B4D27D37D1400313BF5 /* Resources */,
			);
			buildRules = (
			);
			dependencies = (
			);
			name = seb;
			productName = seb;
			productReference = 60BD3B4F27D37D1400313BF5 /* seb.app */;
			productType = "com.apple.product-type.application";
		};
/* End PBXNativeTarget section */

/* Begin PBXProject section */
		60BD3B4727D37D1400313BF5 /* Project object */ = {
			isa = PBXProject;
			attributes = {
				BuildIndependentTargetsInParallel = 1;
				LastSwiftUpdateCheck = 1320;
				LastUpgradeCheck = 1320;
				TargetAttributes = {
					60BD3B4E27D37D1400313BF5 = {
						CreatedOnToolsVersion = 13.2.1;
					};
				};
			};
			buildConfigurationList = 60BD3B4A27D37D1400313BF5 /* Build configuration list for PBXProject "seb" */;
			compatibilityVersion = "Xcode 13.0";
			developmentRegion = en;
			hasScannedForEncodings = 0;
			knownRegions = (
				en,
				Base,
				ru,
			);
			mainGroup = 60BD3B4627D37D1400313BF5;
			productRefGroup = 60BD3B5027D37D1400313BF5 /* Products */;
			projectDirPath = "";
			projectRoot = "";
			targets = (
				60BD3B4E27D37D1400313BF5 /* seb */,
			);
		};
/* End PBXProject section */

/* Begin PBXResourcesBuildPhase section */
		60BD3B4D27D37D1400313BF5 /* Resources */ = {
			isa = PBXResourcesBuildPhase;
			buildActionMask = 2147483647;
			files = (
				60BD3B5F27D37D1600313BF5 /* LaunchScreen.storyboard in Resources */,
				60BD3BB127D397FE00313BF5 /* Localizable.strings in Resources */,
				60BD3B5C27D37D1600313BF5 /* Assets.xcassets in Resources */,
				60BD3B5A27D37D1400313BF5 /* Main.storyboard in Resources */,
			);
			runOnlyForDeploymentPostprocessing = 0;
		};
/* End PBXResourcesBuildPhase section */

/* Begin PBXSourcesBuildPhase section */
		60BD3B4B27D37D1400313BF5 /* Sources */ = {
			isa = PBXSourcesBuildPhase;
			buildActionMask = 2147483647;
			files = (
				60BD3BB627D39E3800313BF5 /* Unwrap.swift in Sources */,
				60BD3BB827D39ED700313BF5 /* PlaceholderProvider.swift in Sources */,
				60BD3B6F27D37E5F00313BF5 /* ViewModel.swift in Sources */,
				60BD3B9227D386D800313BF5 /* TransactionsScreenViewModel.swift in Sources */,
				60BD3B6A27D37E1400313BF5 /* PinScreenView.swift in Sources */,
				60BD3B7627D37F4000313BF5 /* CoreScreenViewModel.swift in Sources */,
				60BD3B7827D37F5100313BF5 /* CoreScreenView.swift in Sources */,
				60BD3B5327D37D1400313BF5 /* AppDelegate.swift in Sources */,
				60BD3B9D27D38ADD00313BF5 /* Constants.swift in Sources */,
				60BD3BA027D38C4B00313BF5 /* Logger.swift in Sources */,
				60BD3B9927D3892A00313BF5 /* AuthService.swift in Sources */,
				60BD3B9B27D38AC500313BF5 /* Publishers+Ex.swift in Sources */,
				60BD3B7D27D380C300313BF5 /* ViewModelBase.swift in Sources */,
				60BD3BA227D38D8B00313BF5 /* String+Ex.swift in Sources */,
				60BD3B9427D386E100313BF5 /* TransactionsScreenView.swift in Sources */,
				60BD3BBE27D4AF2800313BF5 /* APIModels.swift in Sources */,
				60BD3B7127D37E9000313BF5 /* CancelableStore.swift in Sources */,
				60BD3BAB27D393B500313BF5 /* Color+Ex.swift in Sources */,
				60BD3B5527D37D1400313BF5 /* SceneDelegate.swift in Sources */,
				60BD3BA727D3916E00313BF5 /* PaymentService.swift in Sources */,
				60BD3BA927D3934800313BF5 /* Shimmer.swift in Sources */,
				60BD3B7F27D381BC00313BF5 /* LocalePreview.swift in Sources */,
				60BD3BAD27D3967100313BF5 /* GridStack.swift in Sources */,
				60BD3B6827D37DF300313BF5 /* PinScreenViewModel.swift in Sources */,
				60BD3B9727D387A800313BF5 /* UserDefault.swift in Sources */,
				60BD3B8E27D384F900313BF5 /* Model.swift in Sources */,
				60BD3B8827D383E500313BF5 /* TextStyle.swift in Sources */,
				60BD3B8A27D3844600313BF5 /* Placeholder.swift in Sources */,
				60BD3BBC27D4A97400313BF5 /* SceneRouter.swift in Sources */,
				60BD3B8127D381F900313BF5 /* Locale+Ex.swift in Sources */,
				60BD3B7B27D37F8D00313BF5 /* Transaction.swift in Sources */,
				60BD3B8C27D384DF00313BF5 /* API.swift in Sources */,
				60BD3B8627D3830500313BF5 /* View+Ex.swift in Sources */,
			);
			runOnlyForDeploymentPostprocessing = 0;
		};
/* End PBXSourcesBuildPhase section */

/* Begin PBXVariantGroup section */
		60BD3B5827D37D1400313BF5 /* Main.storyboard */ = {
			isa = PBXVariantGroup;
			children = (
				60BD3B5927D37D1400313BF5 /* Base */,
			);
			name = Main.storyboard;
			sourceTree = "<group>";
		};
		60BD3B5D27D37D1600313BF5 /* LaunchScreen.storyboard */ = {
			isa = PBXVariantGroup;
			children = (
				60BD3B5E27D37D1600313BF5 /* Base */,
			);
			name = LaunchScreen.storyboard;
			sourceTree = "<group>";
		};
		60BD3BB327D397FE00313BF5 /* Localizable.strings */ = {
			isa = PBXVariantGroup;
			children = (
				60BD3BB227D397FE00313BF5 /* en */,
				60BD3BB427D3982D00313BF5 /* ru */,
			);
			name = Localizable.strings;
			sourceTree = "<group>";
		};
/* End PBXVariantGroup section */

/* Begin XCBuildConfiguration section */
		60BD3B6127D37D1600313BF5 /* Debug */ = {
			isa = XCBuildConfiguration;
			buildSettings = {
				ALWAYS_SEARCH_USER_PATHS = NO;
				CLANG_ANALYZER_LOCALIZABILITY_NONLOCALIZED = YES;
				CLANG_ANALYZER_NONNULL = YES;
				CLANG_ANALYZER_NUMBER_OBJECT_CONVERSION = YES_AGGRESSIVE;
				CLANG_CXX_LANGUAGE_STANDARD = "gnu++17";
				CLANG_CXX_LIBRARY = "libc++";
				CLANG_ENABLE_MODULES = YES;
				CLANG_ENABLE_OBJC_ARC = YES;
				CLANG_ENABLE_OBJC_WEAK = YES;
				CLANG_WARN_BLOCK_CAPTURE_AUTORELEASING = YES;
				CLANG_WARN_BOOL_CONVERSION = YES;
				CLANG_WARN_COMMA = YES;
				CLANG_WARN_CONSTANT_CONVERSION = YES;
				CLANG_WARN_DEPRECATED_OBJC_IMPLEMENTATIONS = YES;
				CLANG_WARN_DIRECT_OBJC_ISA_USAGE = YES_ERROR;
				CLANG_WARN_DOCUMENTATION_COMMENTS = YES;
				CLANG_WARN_EMPTY_BODY = YES;
				CLANG_WARN_ENUM_CONVERSION = YES;
				CLANG_WARN_INFINITE_RECURSION = YES;
				CLANG_WARN_INT_CONVERSION = YES;
				CLANG_WARN_NON_LITERAL_NULL_CONVERSION = YES;
				CLANG_WARN_OBJC_IMPLICIT_RETAIN_SELF = YES;
				CLANG_WARN_OBJC_LITERAL_CONVERSION = YES;
				CLANG_WARN_OBJC_ROOT_CLASS = YES_ERROR;
				CLANG_WARN_QUOTED_INCLUDE_IN_FRAMEWORK_HEADER = YES;
				CLANG_WARN_RANGE_LOOP_ANALYSIS = YES;
				CLANG_WARN_STRICT_PROTOTYPES = YES;
				CLANG_WARN_SUSPICIOUS_MOVE = YES;
				CLANG_WARN_UNGUARDED_AVAILABILITY = YES_AGGRESSIVE;
				CLANG_WARN_UNREACHABLE_CODE = YES;
				CLANG_WARN__DUPLICATE_METHOD_MATCH = YES;
				COPY_PHASE_STRIP = NO;
				DEBUG_INFORMATION_FORMAT = dwarf;
				ENABLE_STRICT_OBJC_MSGSEND = YES;
				ENABLE_TESTABILITY = YES;
				GCC_C_LANGUAGE_STANDARD = gnu11;
				GCC_DYNAMIC_NO_PIC = NO;
				GCC_NO_COMMON_BLOCKS = YES;
				GCC_OPTIMIZATION_LEVEL = 0;
				GCC_PREPROCESSOR_DEFINITIONS = (
					"DEBUG=1",
					"$(inherited)",
				);
				GCC_WARN_64_TO_32_BIT_CONVERSION = YES;
				GCC_WARN_ABOUT_RETURN_TYPE = YES_ERROR;
				GCC_WARN_UNDECLARED_SELECTOR = YES;
				GCC_WARN_UNINITIALIZED_AUTOS = YES_AGGRESSIVE;
				GCC_WARN_UNUSED_FUNCTION = YES;
				GCC_WARN_UNUSED_VARIABLE = YES;
				IPHONEOS_DEPLOYMENT_TARGET = 15.2;
				MTL_ENABLE_DEBUG_INFO = INCLUDE_SOURCE;
				MTL_FAST_MATH = YES;
				ONLY_ACTIVE_ARCH = YES;
				SDKROOT = iphoneos;
				SWIFT_ACTIVE_COMPILATION_CONDITIONS = DEBUG;
				SWIFT_OPTIMIZATION_LEVEL = "-Onone";
			};
			name = Debug;
		};
		60BD3B6227D37D1600313BF5 /* Release */ = {
			isa = XCBuildConfiguration;
			buildSettings = {
				ALWAYS_SEARCH_USER_PATHS = NO;
				CLANG_ANALYZER_LOCALIZABILITY_NONLOCALIZED = YES;
				CLANG_ANALYZER_NONNULL = YES;
				CLANG_ANALYZER_NUMBER_OBJECT_CONVERSION = YES_AGGRESSIVE;
				CLANG_CXX_LANGUAGE_STANDARD = "gnu++17";
				CLANG_CXX_LIBRARY = "libc++";
				CLANG_ENABLE_MODULES = YES;
				CLANG_ENABLE_OBJC_ARC = YES;
				CLANG_ENABLE_OBJC_WEAK = YES;
				CLANG_WARN_BLOCK_CAPTURE_AUTORELEASING = YES;
				CLANG_WARN_BOOL_CONVERSION = YES;
				CLANG_WARN_COMMA = YES;
				CLANG_WARN_CONSTANT_CONVERSION = YES;
				CLANG_WARN_DEPRECATED_OBJC_IMPLEMENTATIONS = YES;
				CLANG_WARN_DIRECT_OBJC_ISA_USAGE = YES_ERROR;
				CLANG_WARN_DOCUMENTATION_COMMENTS = YES;
				CLANG_WARN_EMPTY_BODY = YES;
				CLANG_WARN_ENUM_CONVERSION = YES;
				CLANG_WARN_INFINITE_RECURSION = YES;
				CLANG_WARN_INT_CONVERSION = YES;
				CLANG_WARN_NON_LITERAL_NULL_CONVERSION = YES;
				CLANG_WARN_OBJC_IMPLICIT_RETAIN_SELF = YES;
				CLANG_WARN_OBJC_LITERAL_CONVERSION = YES;
				CLANG_WARN_OBJC_ROOT_CLASS = YES_ERROR;
				CLANG_WARN_QUOTED_INCLUDE_IN_FRAMEWORK_HEADER = YES;
				CLANG_WARN_RANGE_LOOP_ANALYSIS = YES;
				CLANG_WARN_STRICT_PROTOTYPES = YES;
				CLANG_WARN_SUSPICIOUS_MOVE = YES;
				CLANG_WARN_UNGUARDED_AVAILABILITY = YES_AGGRESSIVE;
				CLANG_WARN_UNREACHABLE_CODE = YES;
				CLANG_WARN__DUPLICATE_METHOD_MATCH = YES;
				COPY_PHASE_STRIP = NO;
				DEBUG_INFORMATION_FORMAT = "dwarf-with-dsym";
				ENABLE_NS_ASSERTIONS = NO;
				ENABLE_STRICT_OBJC_MSGSEND = YES;
				GCC_C_LANGUAGE_STANDARD = gnu11;
				GCC_NO_COMMON_BLOCKS = YES;
				GCC_WARN_64_TO_32_BIT_CONVERSION = YES;
				GCC_WARN_ABOUT_RETURN_TYPE = YES_ERROR;
				GCC_WARN_UNDECLARED_SELECTOR = YES;
				GCC_WARN_UNINITIALIZED_AUTOS = YES_AGGRESSIVE;
				GCC_WARN_UNUSED_FUNCTION = YES;
				GCC_WARN_UNUSED_VARIABLE = YES;
				IPHONEOS_DEPLOYMENT_TARGET = 15.2;
				MTL_ENABLE_DEBUG_INFO = NO;
				MTL_FAST_MATH = YES;
				SDKROOT = iphoneos;
				SWIFT_COMPILATION_MODE = wholemodule;
				SWIFT_OPTIMIZATION_LEVEL = "-O";
				VALIDATE_PRODUCT = YES;
			};
			name = Release;
		};
		60BD3B6427D37D1600313BF5 /* Debug */ = {
			isa = XCBuildConfiguration;
			buildSettings = {
				ASSETCATALOG_COMPILER_APPICON_NAME = AppIcon;
				ASSETCATALOG_COMPILER_GLOBAL_ACCENT_COLOR_NAME = AccentColor;
				CODE_SIGN_STYLE = Automatic;
				CURRENT_PROJECT_VERSION = 1;
				DEVELOPMENT_TEAM = 529472X7BJ;
				GENERATE_INFOPLIST_FILE = YES;
				INFOPLIST_FILE = seb/Info.plist;
				INFOPLIST_KEY_UIApplicationSupportsIndirectInputEvents = YES;
				INFOPLIST_KEY_UILaunchStoryboardName = LaunchScreen;
				INFOPLIST_KEY_UIMainStoryboardFile = Main;
				INFOPLIST_KEY_UISupportedInterfaceOrientations_iPad = "UIInterfaceOrientationPortrait UIInterfaceOrientationPortraitUpsideDown UIInterfaceOrientationLandscapeLeft UIInterfaceOrientationLandscapeRight";
				INFOPLIST_KEY_UISupportedInterfaceOrientations_iPhone = "UIInterfaceOrientationPortrait UIInterfaceOrientationLandscapeLeft UIInterfaceOrientationLandscapeRight";
				LD_RUNPATH_SEARCH_PATHS = (
					"$(inherited)",
					"@executable_path/Frameworks",
				);
				MARKETING_VERSION = 1.0;
				PRODUCT_BUNDLE_IDENTIFIER = testing.seb;
				PRODUCT_NAME = "$(TARGET_NAME)";
				SWIFT_EMIT_LOC_STRINGS = YES;
				SWIFT_VERSION = 5.0;
				TARGETED_DEVICE_FAMILY = "1,2";
			};
			name = Debug;
		};
		60BD3B6527D37D1600313BF5 /* Release */ = {
			isa = XCBuildConfiguration;
			buildSettings = {
				ASSETCATALOG_COMPILER_APPICON_NAME = AppIcon;
				ASSETCATALOG_COMPILER_GLOBAL_ACCENT_COLOR_NAME = AccentColor;
				CODE_SIGN_STYLE = Automatic;
				CURRENT_PROJECT_VERSION = 1;
				DEVELOPMENT_TEAM = 529472X7BJ;
				GENERATE_INFOPLIST_FILE = YES;
				INFOPLIST_FILE = seb/Info.plist;
				INFOPLIST_KEY_UIApplicationSupportsIndirectInputEvents = YES;
				INFOPLIST_KEY_UILaunchStoryboardName = LaunchScreen;
				INFOPLIST_KEY_UIMainStoryboardFile = Main;
				INFOPLIST_KEY_UISupportedInterfaceOrientations_iPad = "UIInterfaceOrientationPortrait UIInterfaceOrientationPortraitUpsideDown UIInterfaceOrientationLandscapeLeft UIInterfaceOrientationLandscapeRight";
				INFOPLIST_KEY_UISupportedInterfaceOrientations_iPhone = "UIInterfaceOrientationPortrait UIInterfaceOrientationLandscapeLeft UIInterfaceOrientationLandscapeRight";
				LD_RUNPATH_SEARCH_PATHS = (
					"$(inherited)",
					"@executable_path/Frameworks",
				);
				MARKETING_VERSION = 1.0;
				PRODUCT_BUNDLE_IDENTIFIER = testing.seb;
				PRODUCT_NAME = "$(TARGET_NAME)";
				SWIFT_EMIT_LOC_STRINGS = YES;
				SWIFT_VERSION = 5.0;
				TARGETED_DEVICE_FAMILY = "1,2";
			};
			name = Release;
		};
/* End XCBuildConfiguration section */

/* Begin XCConfigurationList section */
		60BD3B4A27D37D1400313BF5 /* Build configuration list for PBXProject "seb" */ = {
			isa = XCConfigurationList;
			buildConfigurations = (
				60BD3B6127D37D1600313BF5 /* Debug */,
				60BD3B6227D37D1600313BF5 /* Release */,
			);
			defaultConfigurationIsVisible = 0;
			defaultConfigurationName = Release;
		};
		60BD3B6327D37D1600313BF5 /* Build configuration list for PBXNativeTarget "seb" */ = {
			isa = XCConfigurationList;
			buildConfigurations = (
				60BD3B6427D37D1600313BF5 /* Debug */,
				60BD3B6527D37D1600313BF5 /* Release */,
			);
			defaultConfigurationIsVisible = 0;
			defaultConfigurationName = Release;
		};
/* End XCConfigurationList section */
	};
	rootObject = 60BD3B4727D37D1400313BF5 /* Project object */;
}
